
Microsoft Visual Studio Solution File, Format Version 12.00
# Visual Studio 14
VisualStudioVersion = 14.0.25420.1
MinimumVisualStudioVersion = 10.0.40219.1
Project("{E24C65DC-7377-472B-9ABA-BC803B73C61A}") = "Portal2CSharp", ".", "{F6F410C9-F9C7-4DC2-BDC3-A1D882E5F822}"
	ProjectSection(WebsiteProperties) = preProject
		TargetFrameworkMoniker = ".NETFramework,Version%3Dv4.0"
		Debug.AspNetCompiler.VirtualPath = "/localhost_63165"
		Debug.AspNetCompiler.PhysicalPath = "..\Portal2CSharp\"
		Debug.AspNetCompiler.TargetPath = "PrecompiledWeb\localhost_63165\"
		Debug.AspNetCompiler.Updateable = "true"
		Debug.AspNetCompiler.ForceOverwrite = "true"
		Debug.AspNetCompiler.FixedNames = "false"
		Debug.AspNetCompiler.Debug = "True"
		Release.AspNetCompiler.VirtualPath = "/localhost_63165"
		Release.AspNetCompiler.PhysicalPath = "..\Portal2CSharp\"
		Release.AspNetCompiler.TargetPath = "PrecompiledWeb\localhost_63165\"
		Release.AspNetCompiler.Updateable = "true"
		Release.AspNetCompiler.ForceOverwrite = "true"
		Release.AspNetCompiler.FixedNames = "false"
		Release.AspNetCompiler.Debug = "False"
		VWDPort = "63165"
		SlnRelativePath = "..\Portal2CSharp\"
		DefaultWebSiteLanguage = "Visual C#"
	EndProjectSection
EndProject
Global
	GlobalSection(SolutionConfigurationPlatforms) = preSolution
		Debug|Any CPU = Debug|Any CPU
	EndGlobalSection
	GlobalSection(ProjectConfigurationPlatforms) = postSolution
		{F6F410C9-F9C7-4DC2-BDC3-A1D882E5F822}.Debug|Any CPU.ActiveCfg = Debug|Any CPU
		{F6F410C9-F9C7-4DC2-BDC3-A1D882E5F822}.Debug|Any CPU.Build.0 = Debug|Any CPU
	EndGlobalSection
	GlobalSection(SolutionProperties) = preSolution
		HideSolutionNode = FALSE
	EndGlobalSection
EndGlobal
